<?xml version="1.0" encoding="utf-8"?>
<Project ToolsVersion="4.0" xmlns="http://schemas.microsoft.com/developer/msbuild/2003">
  <ItemGroup>
    <Filter Include="Generated Files">
      <UniqueIdentifier>{71ED8ED8-ACB9-4CE9-BBE1-E00B30144E11}</UniqueIdentifier>
      <Extensions>cpp;c;cxx;moc;h;def;odl;idl;res;</Extensions>
    </Filter>
    <Filter Include="Generated Files">
      <UniqueIdentifier>{71ED8ED8-ACB9-4CE9-BBE1-E00B30144E11}</UniqueIdentifier>
      <Extensions>cpp;c;cxx;moc;h;def;odl;idl;res;</Extensions>
    </Filter>
    <Filter Include="Header Files">
      <UniqueIdentifier>{93995380-89BD-4b04-88EB-625FBE52EBFB}</UniqueIdentifier>
      <Extensions>h;hpp;hxx;hm;inl;inc;xsd</Extensions>
    </Filter>
    <Filter Include="Header Files">
      <UniqueIdentifier>{93995380-89BD-4b04-88EB-625FBE52EBFB}</UniqueIdentifier>
      <Extensions>h;hpp;hxx;hm;inl;inc;xsd</Extensions>
    </Filter>
    <Filter Include="Resource Files">
      <UniqueIdentifier>{D9D6E242-F8AF-46E4-B9FD-80ECBC20BA3E}</UniqueIdentifier>
      <Extensions>qrc;*</Extensions>
      <ParseFiles>false</ParseFiles>
    </Filter>
    <Filter Include="Resource Files">
      <UniqueIdentifier>{D9D6E242-F8AF-46E4-B9FD-80ECBC20BA3E}</UniqueIdentifier>
      <Extensions>qrc;*</Extensions>
      <ParseFiles>false</ParseFiles>
    </Filter>
    <Filter Include="Source Files">
      <UniqueIdentifier>{4FC737F1-C7A5-4376-A066-2A32D752A2FF}</UniqueIdentifier>
      <Extensions>cpp;c;cxx;def;odl;idl;hpj;bat;asm;asmx</Extensions>
    </Filter>
    <Filter Include="Source Files">
      <UniqueIdentifier>{4FC737F1-C7A5-4376-A066-2A32D752A2FF}</UniqueIdentifier>
      <Extensions>cpp;c;cxx;def;odl;idl;hpj;bat;asm;asmx</Extensions>
    </Filter>
    <Filter Include="Generated Files\Debug">
      <UniqueIdentifier>{40d7a34a-4b67-47db-bbe5-90d3f86566d0}</UniqueIdentifier>
      <Extensions>cpp;moc</Extensions>
      <SourceControlFiles>False</SourceControlFiles>
    </Filter>
    <Filter Include="Generated Files\Release">
      <UniqueIdentifier>{a66b4bc6-8ff5-47eb-9972-b1b105092f71}</UniqueIdentifier>
      <Extensions>cpp;moc</Extensions>
      <SourceControlFiles>False</SourceControlFiles>
    </Filter>
  </ItemGroup>
  <ItemGroup>
    <ClCompile Include="source\bookbll.cpp">
      <Filter>Source Files</Filter>
    </ClCompile>
    <ClCompile Include="source\connectdbdcl.cpp">
      <Filter>Source Files</Filter>
    </ClCompile>
    <ClCompile Include="source\loginbll.cpp">
      <Filter>Source Files</Filter>
    </ClCompile>
    <ClCompile Include="main.cpp">
      <Filter>Source Files</Filter>
    </ClCompile>
    <ClCompile Include="source\updatedbdcl.cpp">
      <Filter>Source Files</Filter>
    </ClCompile>
    <ClCompile Include="source\userbll.cpp">
      <Filter>Source Files</Filter>
    </ClCompile>
    <ClCompile Include="source\usermodelbll.cpp">
      <Filter>Source Files</Filter>
    </ClCompile>
    <ClCompile Include="Debug\moc_bookbll.cpp">
      <Filter>Generated Files\Debug</Filter>
    </ClCompile>
    <ClCompile Include="Release\moc_bookbll.cpp">
      <Filter>Generated Files\Release</Filter>
    </ClCompile>
    <ClCompile Include="Debug\moc_searchbll.cpp">
      <Filter>Generated Files\Debug</Filter>
    </ClCompile>
    <ClCompile Include="Release\moc_searchbll.cpp">
      <Filter>Generated Files\Release</Filter>
    </ClCompile>
    <ClCompile Include="Debug\moc_userbll.cpp">
      <Filter>Generated Files\Debug</Filter>
    </ClCompile>
    <ClCompile Include="Release\moc_userbll.cpp">
      <Filter>Generated Files\Release</Filter>
    </ClCompile>
    <ClCompile Include="Debug\moc_loginbll.cpp">
      <Filter>Generated Files\Debug</Filter>
    </ClCompile>
    <ClCompile Include="Release\moc_loginbll.cpp">
      <Filter>Generated Files\Release</Filter>
    </ClCompile>
    <ClCompile Include="Debug\moc_usermodelbll.cpp">
      <Filter>Generated Files\Debug</Filter>
    </ClCompile>
    <ClCompile Include="Release\moc_usermodelbll.cpp">
      <Filter>Generated Files\Release</Filter>
    </ClCompile>
    <ClCompile Include="GeneratedFiles\qrc_qml.cpp">
      <Filter>Generated Files</Filter>
    </ClCompile>
  </ItemGroup>
  <ItemGroup>
    <CustomBuild Include="header\bookbll.h">
      <Filter>Header Files</Filter>
    </CustomBuild>
    <ClInclude Include="header\connectdbdcl.h">
      <Filter>Header Files</Filter>
    </ClInclude>
    <ClInclude Include="header\demo.h">
      <Filter>Header Files</Filter>
    </ClInclude>
    <CustomBuild Include="header\loginbll.h">
      <Filter>Header Files</Filter>
    </CustomBuild>
    <CustomBuild Include="header\searchbll.h">
      <Filter>Header Files</Filter>
    </CustomBuild>
    <ClInclude Include="header\universaltool.h">
      <Filter>Header Files</Filter>
    </ClInclude>
    <ClInclude Include="header\updatedbdcl.h">
      <Filter>Header Files</Filter>
    </ClInclude>
    <CustomBuild Include="header\userbll.h">
      <Filter>Header Files</Filter>
    </CustomBuild>
    <CustomBuild Include="header\usermodelbll.h">
      <Filter>Header Files</Filter>
    </CustomBuild>
  </ItemGroup>
  <ItemGroup>
    <CustomBuild Include="debug\moc_predefs.h.cbt">
      <Filter>Generated Files</Filter>
    </CustomBuild>
    <CustomBuild Include="release\moc_predefs.h.cbt">
      <Filter>Generated Files</Filter>
    </CustomBuild>
  </ItemGroup>
  <ItemGroup>
    <None Include="img\9780132359238.jpg">
      <Filter>Resource Files</Filter>
    </None>
    <None Include="img\9787100013239.jpg">
      <Filter>Resource Files</Filter>
    </None>
    <None Include="img\9787121029097.jpg">
      <Filter>Resource Files</Filter>
    </None>
    <None Include="img\9787121155352.jpg">
      <Filter>Resource Files</Filter>
    </None>
    <None Include="ui\AllBooks1.qml">
      <Filter>Resource Files</Filter>
    </None>
    <None Include="ui\BasicInfo1.qml">
      <Filter>Resource Files</Filter>
    </None>
    <None Include="BookInfoBase.qml">
      <Filter>Resource Files</Filter>
    </None>
    <None Include="ui\BookInfoBorrowed.qml">
      <Filter>Resource Files</Filter>
    </None>
    <None Include="BookListBase.qml">
      <Filter>Resource Files</Filter>
    </None>
    <None Include="ui\BookManage.qml">
      <Filter>Resource Files</Filter>
    </None>
    <None Include="ui\CurrentBorrow1.qml">
      <Filter>Resource Files</Filter>
    </None>
    <None Include="ui\HelpBorrow1.qml">
      <Filter>Resource Files</Filter>
    </None>
    <None Include="ui\HelpBorrowSub.qml">
      <Filter>Resource Files</Filter>
    </None>
    <None Include="ui\HelpReturn1.qml">
      <Filter>Resource Files</Filter>
    </None>
    <None Include="ui\HelpReturnSub.qml">
      <Filter>Resource Files</Filter>
    </None>
    <None Include="LoginPage.qml">
      <Filter>Resource Files</Filter>
    </None>
    <None Include="ui\ManageAll1.qml">
      <Filter>Resource Files</Filter>
    </None>
    <None Include="ui\ManageUser1.qml">
      <Filter>Resource Files</Filter>
    </None>
    <None Include="ManageUsers.qml">
      <Filter>Resource Files</Filter>
    </None>
    <None Include="ui\NewBook1.qml">
      <Filter>Resource Files</Filter>
    </None>
    <None Include="ui\NewUser1.qml">
      <Filter>Resource Files</Filter>
    </None>
    <None Include="SearchBox.qml">
      <Filter>Resource Files</Filter>
    </None>
    <None Include="db\library.db">
      <Filter>Resource Files</Filter>
    </None>
    <None Include="main.qml">
      <Filter>Resource Files</Filter>
    </None>
    <CustomBuild Include="qml.qrc">
      <Filter>Resource Files</Filter>
    </CustomBuild>
    <None Include="qtquickcontrols2.conf">
      <Filter>Resource Files</Filter>
    </None>
  </ItemGroup>
</Project>